
Microsoft Visual Studio Solution File, Format Version 11.00
# Visual Studio 2010
Project("{8BC9CEB8-8B4A-11D0-8D11-00A0C91BC942}") = "ancient-slave-ship", "ancient-slave-ship\slave-ship.vcxproj", "{8F8C0BE6-7981-4A5B-A406-CD02936427F2}"
EndProject
Global
	GlobalSection(SolutionConfigurationPlatforms) = preSolution
		Debug|Win32 = Debug|Win32
		Release|Win32 = Release|Win32
	EndGlobalSection
	GlobalSection(ProjectConfigurationPlatforms) = postSolution
		{8F8C0BE6-7981-4A5B-A406-CD02936427F2}.Debug|Win32.ActiveCfg = Debug|Win32
		{8F8C0BE6-7981-4A5B-A406-CD02936427F2}.Debug|Win32.Build.0 = Debug|Win32
		{8F8C0BE6-7981-4A5B-A406-CD02936427F2}.Release|Win32.ActiveCfg = Release|Win32
		{8F8C0BE6-7981-4A5B-A406-CD02936427F2}.Release|Win32.Build.0 = Release|Win32
	EndGlobalSection
	GlobalSection(SolutionProperties) = preSolution
		HideSolutionNode = FALSE
	EndGlobalSection
EndGlobal
